
Microsoft Visual Studio Solution File, Format Version 12.00
# Visual Studio Version 16
VisualStudioVersion = 16.0.29306.81
MinimumVisualStudioVersion = 10.0.40219.1
Project("{FAE04EC0-301F-11D3-BF4B-00C04F79EFBC}") = "PrimeiroProjeto", "PrimeiroProjeto\PrimeiroProjeto.csproj", "{4C91B861-425D-4776-A38C-3A4E99C27D47}"
EndProject
Global
	GlobalSection(SolutionConfigurationPlatforms) = preSolution
		Debug|Any CPU = Debug|Any CPU
		Release|Any CPU = Release|Any CPU
	EndGlobalSection
	GlobalSection(ProjectConfigurationPlatforms) = postSolution
		{4C91B861-425D-4776-A38C-3A4E99C27D47}.Debug|Any CPU.ActiveCfg = Debug|Any CPU
		{4C91B861-425D-4776-A38C-3A4E99C27D47}.Debug|Any CPU.Build.0 = Debug|Any CPU
		{4C91B861-425D-4776-A38C-3A4E99C27D47}.Release|Any CPU.ActiveCfg = Release|Any CPU
		{4C91B861-425D-4776-A38C-3A4E99C27D47}.Release|Any CPU.Build.0 = Release|Any CPU
	EndGlobalSection
	GlobalSection(SolutionProperties) = preSolution
		HideSolutionNode = FALSE
	EndGlobalSection
	GlobalSection(ExtensibilityGlobals) = postSolution
		SolutionGuid = {91375798-D355-4B1B-84DE-BD0619A776FE}
	EndGlobalSection
EndGlobal
