
Microsoft Visual Studio Solution File, Format Version 12.00
# Visual Studio Version 16
VisualStudioVersion = 16.0.29424.173
MinimumVisualStudioVersion = 10.0.40219.1
Project("{9A19103F-16F7-4668-BE54-9A1E7A4F7556}") = "ComplementarUm_CollectionVariosTipos", "ComplementarUm_CollectionVariosTipos\ComplementarUm_CollectionVariosTipos.csproj", "{83891223-7575-4098-B7AE-755CB4DCB9D5}"
EndProject
Project("{FAE04EC0-301F-11D3-BF4B-00C04F79EFBC}") = "ComplementarDois_GerenteFuncionario.Model", "ComplementarDois_GerenteFuncionario.Model\ComplementarDois_GerenteFuncionario.Model.csproj", "{FE3B45A0-70F5-46AD-A86D-35125B03FAA6}"
EndProject
Global
	GlobalSection(SolutionConfigurationPlatforms) = preSolution
		Debug|Any CPU = Debug|Any CPU
		Release|Any CPU = Release|Any CPU
	EndGlobalSection
	GlobalSection(ProjectConfigurationPlatforms) = postSolution
		{83891223-7575-4098-B7AE-755CB4DCB9D5}.Debug|Any CPU.ActiveCfg = Debug|Any CPU
		{83891223-7575-4098-B7AE-755CB4DCB9D5}.Debug|Any CPU.Build.0 = Debug|Any CPU
		{83891223-7575-4098-B7AE-755CB4DCB9D5}.Release|Any CPU.ActiveCfg = Release|Any CPU
		{83891223-7575-4098-B7AE-755CB4DCB9D5}.Release|Any CPU.Build.0 = Release|Any CPU
		{FE3B45A0-70F5-46AD-A86D-35125B03FAA6}.Debug|Any CPU.ActiveCfg = Debug|Any CPU
		{FE3B45A0-70F5-46AD-A86D-35125B03FAA6}.Debug|Any CPU.Build.0 = Debug|Any CPU
		{FE3B45A0-70F5-46AD-A86D-35125B03FAA6}.Release|Any CPU.ActiveCfg = Release|Any CPU
		{FE3B45A0-70F5-46AD-A86D-35125B03FAA6}.Release|Any CPU.Build.0 = Release|Any CPU
	EndGlobalSection
	GlobalSection(SolutionProperties) = preSolution
		HideSolutionNode = FALSE
	EndGlobalSection
	GlobalSection(ExtensibilityGlobals) = postSolution
		SolutionGuid = {6464AC24-3574-49EA-AF6E-1D9CD2C767C7}
	EndGlobalSection
EndGlobal
